
Microsoft Visual Studio Solution File, Format Version 12.00
# Visual Studio 15
VisualStudioVersion = 15.0.28307.271
MinimumVisualStudioVersion = 10.0.40219.1
Project("{FAE04EC0-301F-11D3-BF4B-00C04F79EFBC}") = "S2G7_SISAPP", "S2G7_SISAPP\S2G7_SISAPP.csproj", "{A1998B8D-D5F0-42A3-A9A9-00E70B565F82}"
EndProject
Global
	GlobalSection(SolutionConfigurationPlatforms) = preSolution
		Debug|Any CPU = Debug|Any CPU
		Release|Any CPU = Release|Any CPU
	EndGlobalSection
	GlobalSection(ProjectConfigurationPlatforms) = postSolution
		{A1998B8D-D5F0-42A3-A9A9-00E70B565F82}.Debug|Any CPU.ActiveCfg = Debug|Any CPU
		{A1998B8D-D5F0-42A3-A9A9-00E70B565F82}.Debug|Any CPU.Build.0 = Debug|Any CPU
		{A1998B8D-D5F0-42A3-A9A9-00E70B565F82}.Release|Any CPU.ActiveCfg = Release|Any CPU
		{A1998B8D-D5F0-42A3-A9A9-00E70B565F82}.Release|Any CPU.Build.0 = Release|Any CPU
	EndGlobalSection
	GlobalSection(SolutionProperties) = preSolution
		HideSolutionNode = FALSE
	EndGlobalSection
	GlobalSection(ExtensibilityGlobals) = postSolution
		SolutionGuid = {AD0D9FB0-90C5-4DD7-84D3-CB9D55E8A255}
	EndGlobalSection
EndGlobal
